
Microsoft Visual Studio Solution File, Format Version 12.00
# Visual Studio Version 16
VisualStudioVersion = 16.0.30804.86
MinimumVisualStudioVersion = 10.0.40219.1
Project("{FAE04EC0-301F-11D3-BF4B-00C04F79EFBC}") = "SignalRProject_Alamgir", "SignalRProject_Alamgir.csproj", "{AB35C1C8-72F9-4AD3-B13E-B430913D9386}"
EndProject
Global
	GlobalSection(SolutionConfigurationPlatforms) = preSolution
		Debug|Any CPU = Debug|Any CPU
		Release|Any CPU = Release|Any CPU
	EndGlobalSection
	GlobalSection(ProjectConfigurationPlatforms) = postSolution
		{AB35C1C8-72F9-4AD3-B13E-B430913D9386}.Debug|Any CPU.ActiveCfg = Debug|Any CPU
		{AB35C1C8-72F9-4AD3-B13E-B430913D9386}.Debug|Any CPU.Build.0 = Debug|Any CPU
		{AB35C1C8-72F9-4AD3-B13E-B430913D9386}.Release|Any CPU.ActiveCfg = Release|Any CPU
		{AB35C1C8-72F9-4AD3-B13E-B430913D9386}.Release|Any CPU.Build.0 = Release|Any CPU
	EndGlobalSection
	GlobalSection(SolutionProperties) = preSolution
		HideSolutionNode = FALSE
	EndGlobalSection
	GlobalSection(ExtensibilityGlobals) = postSolution
		SolutionGuid = {32D19CF2-CD6D-4594-8A61-579A42123F50}
	EndGlobalSection
EndGlobal
